
Microsoft Visual Studio Solution File, Format Version 12.00
# Visual Studio Version 17
VisualStudioVersion = 17.6.33815.320
MinimumVisualStudioVersion = 10.0.40219.1
Project("{9A19103F-16F7-4668-BE54-9A1E7A4F7556}") = "XRSharpSamplesGallery.Browser", "XRSharpSamplesGallery\XRSharpSamplesGallery.Browser\XRSharpSamplesGallery.Browser.csproj", "{510ADAED-B007-4ABA-BC9C-DF781D7CC2A9}"
EndProject
Project("{9A19103F-16F7-4668-BE54-9A1E7A4F7556}") = "XRSharpSamplesGallery", "XRSharpSamplesGallery\XRSharpSamplesGallery\XRSharpSamplesGallery.csproj", "{D604C751-8AA1-4024-9EC1-491888E942CC}"
EndProject
Global
	GlobalSection(SolutionConfigurationPlatforms) = preSolution
		Debug|Any CPU = Debug|Any CPU
		Release|Any CPU = Release|Any CPU
	EndGlobalSection
	GlobalSection(ProjectConfigurationPlatforms) = postSolution
		{510ADAED-B007-4ABA-BC9C-DF781D7CC2A9}.Debug|Any CPU.ActiveCfg = Debug|Any CPU
		{510ADAED-B007-4ABA-BC9C-DF781D7CC2A9}.Debug|Any CPU.Build.0 = Debug|Any CPU
		{510ADAED-B007-4ABA-BC9C-DF781D7CC2A9}.Release|Any CPU.ActiveCfg = Release|Any CPU
		{510ADAED-B007-4ABA-BC9C-DF781D7CC2A9}.Release|Any CPU.Build.0 = Release|Any CPU
		{D604C751-8AA1-4024-9EC1-491888E942CC}.Debug|Any CPU.ActiveCfg = Debug|Any CPU
		{D604C751-8AA1-4024-9EC1-491888E942CC}.Debug|Any CPU.Build.0 = Debug|Any CPU
		{D604C751-8AA1-4024-9EC1-491888E942CC}.Release|Any CPU.ActiveCfg = Release|Any CPU
		{D604C751-8AA1-4024-9EC1-491888E942CC}.Release|Any CPU.Build.0 = Release|Any CPU
	EndGlobalSection
	GlobalSection(SolutionProperties) = preSolution
		HideSolutionNode = FALSE
	EndGlobalSection
	GlobalSection(ExtensibilityGlobals) = postSolution
		SolutionGuid = {ABA95F18-C13B-4BFD-8799-2038EA1AC7C8}
	EndGlobalSection
EndGlobal
